{
  "version": 4,
  "terraform_version": "0.12.0",
  "serial": 3,
  "lineage": "600e114e-fc91-bd95-61eb-4e2fe266dc1c",
  "outputs": {},
  "resources": [
    {
      "mode": "managed",
      "type": "aws_instance",
      "name": "webtest",
      "provider": "provider.aws",
      "instances": [
        {
          "schema_version": 1,
          "attributes": {
            "ami": "ami-074e2d6769f445be5",
            "arn": "arn:aws:ec2:us-west-1:214775806069:instance/i-0b89cf31999d1fd9c",
            "associate_public_ip_address": true,
            "availability_zone": "us-west-1b",
            "cpu_core_count": 1,
            "cpu_threads_per_core": 1,
            "credit_specification": [
              {
                "cpu_credits": "standard"
              }
            ],
            "disable_api_termination": false,
            "ebs_block_device": [],
            "ebs_optimized": false,
            "ephemeral_block_device": [],
            "get_password_data": false,
            "host_id": null,
            "iam_instance_profile": "",
            "id": "i-0b89cf31999d1fd9c",
            "instance_initiated_shutdown_behavior": null,
            "instance_state": "running",
            "instance_type": "t2.micro",
            "ipv6_address_count": 0,
            "ipv6_addresses": [],
            "key_name": "",
            "monitoring": false,
            "network_interface": [],
            "network_interface_id": null,
            "password_data": "",
            "placement_group": "",
            "primary_network_interface_id": "eni-0db9d76ae28a1d2dc",
            "private_dns": "ip-172-31-1-12.us-west-1.compute.internal",
            "private_ip": "172.31.1.12",
            "public_dns": "ec2-54-183-239-151.us-west-1.compute.amazonaws.com",
            "public_ip": "54.183.239.151",
            "root_block_device": [
              {
                "delete_on_termination": false,
                "iops": 100,
                "volume_id": "vol-0bb476234af1fb172",
                "volume_size": 8,
                "volume_type": "gp2"
              }
            ],
            "security_groups": [
              "default"
            ],
            "source_dest_check": true,
            "subnet_id": "subnet-d5adab8e",
            "tags": {
              "Name": "ec2"
            },
            "tenancy": "default",
            "timeouts": null,
            "user_data": null,
            "user_data_base64": null,
            "volume_tags": {},
            "vpc_security_group_ids": [
              "sg-8abe8df7"
            ]
          }
        }
      ]
    }
  ]
}
